
Microsoft Visual Studio Solution File, Format Version 12.00
# Visual Studio Version 16
VisualStudioVersion = 16.0.30114.105
MinimumVisualStudioVersion = 10.0.40219.1
Project("{FAE04EC0-301F-11D3-BF4B-00C04F79EFBC}") = "Todo.Domain", "Todo.Domain\Todo.Domain.csproj", "{8B53E437-A947-4274-A56D-937C0354A7B3}"
EndProject
Project("{FAE04EC0-301F-11D3-BF4B-00C04F79EFBC}") = "Todo.Domain.Api", "Todo.Domain.Api\Todo.Domain.Api.csproj", "{B72A7721-1B93-4905-9A52-AEDFCD25EAF2}"
EndProject
Project("{FAE04EC0-301F-11D3-BF4B-00C04F79EFBC}") = "Todo.Domain.Tests", "Todo.Domain.Tests\Todo.Domain.Tests.csproj", "{7C4CE6F5-C4F7-4CA7-B9BF-6892ED9DF312}"
EndProject
Project("{FAE04EC0-301F-11D3-BF4B-00C04F79EFBC}") = "Todo.Domain.Infra", "Todo.Domain.Infra\Todo.Domain.Infra.csproj", "{F0D9F2B9-6DC9-46A9-903A-9D7F2FF16F63}"
EndProject
Global
	GlobalSection(SolutionConfigurationPlatforms) = preSolution
		Debug|Any CPU = Debug|Any CPU
		Debug|x64 = Debug|x64
		Debug|x86 = Debug|x86
		Release|Any CPU = Release|Any CPU
		Release|x64 = Release|x64
		Release|x86 = Release|x86
	EndGlobalSection
	GlobalSection(SolutionProperties) = preSolution
		HideSolutionNode = FALSE
	EndGlobalSection
	GlobalSection(ProjectConfigurationPlatforms) = postSolution
		{8B53E437-A947-4274-A56D-937C0354A7B3}.Debug|Any CPU.ActiveCfg = Debug|Any CPU
		{8B53E437-A947-4274-A56D-937C0354A7B3}.Debug|Any CPU.Build.0 = Debug|Any CPU
		{8B53E437-A947-4274-A56D-937C0354A7B3}.Debug|x64.ActiveCfg = Debug|Any CPU
		{8B53E437-A947-4274-A56D-937C0354A7B3}.Debug|x64.Build.0 = Debug|Any CPU
		{8B53E437-A947-4274-A56D-937C0354A7B3}.Debug|x86.ActiveCfg = Debug|Any CPU
		{8B53E437-A947-4274-A56D-937C0354A7B3}.Debug|x86.Build.0 = Debug|Any CPU
		{8B53E437-A947-4274-A56D-937C0354A7B3}.Release|Any CPU.ActiveCfg = Release|Any CPU
		{8B53E437-A947-4274-A56D-937C0354A7B3}.Release|Any CPU.Build.0 = Release|Any CPU
		{8B53E437-A947-4274-A56D-937C0354A7B3}.Release|x64.ActiveCfg = Release|Any CPU
		{8B53E437-A947-4274-A56D-937C0354A7B3}.Release|x64.Build.0 = Release|Any CPU
		{8B53E437-A947-4274-A56D-937C0354A7B3}.Release|x86.ActiveCfg = Release|Any CPU
		{8B53E437-A947-4274-A56D-937C0354A7B3}.Release|x86.Build.0 = Release|Any CPU
		{B72A7721-1B93-4905-9A52-AEDFCD25EAF2}.Debug|Any CPU.ActiveCfg = Debug|Any CPU
		{B72A7721-1B93-4905-9A52-AEDFCD25EAF2}.Debug|Any CPU.Build.0 = Debug|Any CPU
		{B72A7721-1B93-4905-9A52-AEDFCD25EAF2}.Debug|x64.ActiveCfg = Debug|Any CPU
		{B72A7721-1B93-4905-9A52-AEDFCD25EAF2}.Debug|x64.Build.0 = Debug|Any CPU
		{B72A7721-1B93-4905-9A52-AEDFCD25EAF2}.Debug|x86.ActiveCfg = Debug|Any CPU
		{B72A7721-1B93-4905-9A52-AEDFCD25EAF2}.Debug|x86.Build.0 = Debug|Any CPU
		{B72A7721-1B93-4905-9A52-AEDFCD25EAF2}.Release|Any CPU.ActiveCfg = Release|Any CPU
		{B72A7721-1B93-4905-9A52-AEDFCD25EAF2}.Release|Any CPU.Build.0 = Release|Any CPU
		{B72A7721-1B93-4905-9A52-AEDFCD25EAF2}.Release|x64.ActiveCfg = Release|Any CPU
		{B72A7721-1B93-4905-9A52-AEDFCD25EAF2}.Release|x64.Build.0 = Release|Any CPU
		{B72A7721-1B93-4905-9A52-AEDFCD25EAF2}.Release|x86.ActiveCfg = Release|Any CPU
		{B72A7721-1B93-4905-9A52-AEDFCD25EAF2}.Release|x86.Build.0 = Release|Any CPU
		{7C4CE6F5-C4F7-4CA7-B9BF-6892ED9DF312}.Debug|Any CPU.ActiveCfg = Debug|Any CPU
		{7C4CE6F5-C4F7-4CA7-B9BF-6892ED9DF312}.Debug|Any CPU.Build.0 = Debug|Any CPU
		{7C4CE6F5-C4F7-4CA7-B9BF-6892ED9DF312}.Debug|x64.ActiveCfg = Debug|Any CPU
		{7C4CE6F5-C4F7-4CA7-B9BF-6892ED9DF312}.Debug|x64.Build.0 = Debug|Any CPU
		{7C4CE6F5-C4F7-4CA7-B9BF-6892ED9DF312}.Debug|x86.ActiveCfg = Debug|Any CPU
		{7C4CE6F5-C4F7-4CA7-B9BF-6892ED9DF312}.Debug|x86.Build.0 = Debug|Any CPU
		{7C4CE6F5-C4F7-4CA7-B9BF-6892ED9DF312}.Release|Any CPU.ActiveCfg = Release|Any CPU
		{7C4CE6F5-C4F7-4CA7-B9BF-6892ED9DF312}.Release|Any CPU.Build.0 = Release|Any CPU
		{7C4CE6F5-C4F7-4CA7-B9BF-6892ED9DF312}.Release|x64.ActiveCfg = Release|Any CPU
		{7C4CE6F5-C4F7-4CA7-B9BF-6892ED9DF312}.Release|x64.Build.0 = Release|Any CPU
		{7C4CE6F5-C4F7-4CA7-B9BF-6892ED9DF312}.Release|x86.ActiveCfg = Release|Any CPU
		{7C4CE6F5-C4F7-4CA7-B9BF-6892ED9DF312}.Release|x86.Build.0 = Release|Any CPU
		{F0D9F2B9-6DC9-46A9-903A-9D7F2FF16F63}.Debug|Any CPU.ActiveCfg = Debug|Any CPU
		{F0D9F2B9-6DC9-46A9-903A-9D7F2FF16F63}.Debug|Any CPU.Build.0 = Debug|Any CPU
		{F0D9F2B9-6DC9-46A9-903A-9D7F2FF16F63}.Debug|x64.ActiveCfg = Debug|Any CPU
		{F0D9F2B9-6DC9-46A9-903A-9D7F2FF16F63}.Debug|x64.Build.0 = Debug|Any CPU
		{F0D9F2B9-6DC9-46A9-903A-9D7F2FF16F63}.Debug|x86.ActiveCfg = Debug|Any CPU
		{F0D9F2B9-6DC9-46A9-903A-9D7F2FF16F63}.Debug|x86.Build.0 = Debug|Any CPU
		{F0D9F2B9-6DC9-46A9-903A-9D7F2FF16F63}.Release|Any CPU.ActiveCfg = Release|Any CPU
		{F0D9F2B9-6DC9-46A9-903A-9D7F2FF16F63}.Release|Any CPU.Build.0 = Release|Any CPU
		{F0D9F2B9-6DC9-46A9-903A-9D7F2FF16F63}.Release|x64.ActiveCfg = Release|Any CPU
		{F0D9F2B9-6DC9-46A9-903A-9D7F2FF16F63}.Release|x64.Build.0 = Release|Any CPU
		{F0D9F2B9-6DC9-46A9-903A-9D7F2FF16F63}.Release|x86.ActiveCfg = Release|Any CPU
		{F0D9F2B9-6DC9-46A9-903A-9D7F2FF16F63}.Release|x86.Build.0 = Release|Any CPU
	EndGlobalSection
EndGlobal
